// !$*UTF8*$!
{
	archiveVersion = 1;
	classes = {
	};
	objectVersion = 48;
	objects = {

/* Begin PBXBuildFile section */
		E0BE48BC1FDE608D0079D168 /* AppDelegate.m in Sources */ = {isa = PBXBuildFile; fileRef = E0BE48BB1FDE608D0079D168 /* AppDelegate.m */; };
		E0BE48BF1FDE608E0079D168 /* ViewController.m in Sources */ = {isa = PBXBuildFile; fileRef = E0BE48BE1FDE608E0079D168 /* ViewController.m */; };
		E0BE48C21FDE608E0079D168 /* Main.storyboard in Resources */ = {isa = PBXBuildFile; fileRef = E0BE48C01FDE608E0079D168 /* Main.storyboard */; };
		E0BE48C41FDE608E0079D168 /* Assets.xcassets in Resources */ = {isa = PBXBuildFile; fileRef = E0BE48C31FDE608E0079D168 /* Assets.xcassets */; };
		E0BE48C71FDE608E0079D168 /* LaunchScreen.storyboard in Resources */ = {isa = PBXBuildFile; fileRef = E0BE48C51FDE608E0079D168 /* LaunchScreen.storyboard */; };
		E0BE48CA1FDE608E0079D168 /* main.m in Sources */ = {isa = PBXBuildFile; fileRef = E0BE48C91FDE608E0079D168 /* main.m */; };
		E0BE48D41FDE608E0079D168 /* testTests.m in Sources */ = {isa = PBXBuildFile; fileRef = E0BE48D31FDE608E0079D168 /* testTests.m */; };
		E0BE48DF1FDE608E0079D168 /* testUITests.m in Sources */ = {isa = PBXBuildFile; fileRef = E0BE48DE1FDE608E0079D168 /* testUITests.m */; };
/* End PBXBuildFile section */

/* Begin PBXContainerItemProxy section */
		E0BE48D01FDE608E0079D168 /* PBXContainerItemProxy */ = {
			isa = PBXContainerItemProxy;
			containerPortal = E0BE48AF1FDE608D0079D168 /* Project object */;
			proxyType = 1;
			remoteGlobalIDString = E0BE48B61FDE608D0079D168;
			remoteInfo = test;
		};
		E0BE48DB1FDE608E0079D168 /* PBXContainerItemProxy */ = {
			isa = PBXContainerItemProxy;
			containerPortal = E0BE48AF1FDE608D0079D168 /* Project object */;
			proxyType = 1;
			remoteGlobalIDString = E0BE48B61FDE608D0079D168;
			remoteInfo = test;
		};
/* End PBXContainerItemProxy section */

/* Begin PBXFileReference section */
		E0BE48B71FDE608D0079D168 /* test.app */ = {isa = PBXFileReference; explicitFileType = wrapper.application; includeInIndex = 0; path = test.app; sourceTree = BUILT_PRODUCTS_DIR; };
		E0BE48BA1FDE608D0079D168 /* AppDelegate.h */ = {isa = PBXFileReference; lastKnownFileType = sourcecode.c.h; path = AppDelegate.h; sourceTree = "<group>"; };
		E0BE48BB1FDE608D0079D168 /* AppDelegate.m */ = {isa = PBXFileReference; lastKnownFileType = sourcecode.c.objc; path = AppDelegate.m; sourceTree = "<group>"; };
		E0BE48BD1FDE608D0079D168 /* ViewController.h */ = {isa = PBXFileReference; lastKnownFileType = sourcecode.c.h; path = ViewController.h; sourceTree = "<group>"; };
		E0BE48BE1FDE608E0079D168 /* ViewController.m */ = {isa = PBXFileReference; lastKnownFileType = sourcecode.c.objc; path = ViewController.m; sourceTree = "<group>"; };
		E0BE48C11FDE608E0079D168 /* Base */ = {isa = PBXFileReference; lastKnownFileType = file.storyboard; name = Base; path = Base.lproj/Main.storyboard; sourceTree = "<group>"; };
		E0BE48C31FDE608E0079D168 /* Assets.xcassets */ = {isa = PBXFileReference; lastKnownFileType = folder.assetcatalog; path = Assets.xcassets; sourceTree = "<group>"; };
		E0BE48C61FDE608E0079D168 /* Base */ = {isa = PBXFileReference; lastKnownFileType = file.storyboard; name = Base; path = Base.lproj/LaunchScreen.storyboard; sourceTree = "<group>"; };
		E0BE48C81FDE608E0079D168 /* Info.plist */ = {isa = PBXFileReference; lastKnownFileType = text.plist.xml; path = Info.plist; sourceTree = "<group>"; };
		E0BE48C91FDE608E0079D168 /* main.m */ = {isa = PBXFileReference; lastKnownFileType = sourcecode.c.objc; path = main.m; sourceTree = "<group>"; };
		E0BE48CF1FDE608E0079D168 /* testTests.xctest */ = {isa = PBXFileReference; explicitFileType = wrapper.cfbundle; includeInIndex = 0; path = testTests.xctest; sourceTree = BUILT_PRODUCTS_DIR; };
		E0BE48D31FDE608E0079D168 /* testTests.m */ = {isa = PBXFileReference; lastKnownFileType = sourcecode.c.objc; path = testTests.m; sourceTree = "<group>"; };
		E0BE48D51FDE608E0079D168 /* Info.plist */ = {isa = PBXFileReference; lastKnownFileType = text.plist.xml; path = Info.plist; sourceTree = "<group>"; };
		E0BE48DA1FDE608E0079D168 /* testUITests.xctest */ = {isa = PBXFileReference; explicitFileType = wrapper.cfbundle; includeInIndex = 0; path = testUITests.xctest; sourceTree = BUILT_PRODUCTS_DIR; };
		E0BE48DE1FDE608E0079D168 /* testUITests.m */ = {isa = PBXFileReference; lastKnownFileType = sourcecode.c.objc; path = testUITests.m; sourceTree = "<group>"; };
		E0BE48E01FDE608E0079D168 /* Info.plist */ = {isa = PBXFileReference; lastKnownFileType = text.plist.xml; path = Info.plist; sourceTree = "<group>"; };
/* End PBXFileReference section */

/* Begin PBXFrameworksBuildPhase section */
		E0BE48B41FDE608D0079D168 /* Frameworks */ = {
			isa = PBXFrameworksBuildPhase;
			buildActionMask = 2147483647;
			files = (
			);
			runOnlyForDeploymentPostprocessing = 0;
		};
		E0BE48CC1FDE608E0079D168 /* Frameworks */ = {
			isa = PBXFrameworksBuildPhase;
			buildActionMask = 2147483647;
			files = (
			);
			runOnlyForDeploymentPostprocessing = 0;
		};
		E0BE48D71FDE608E0079D168 /* Frameworks */ = {
			isa = PBXFrameworksBuildPhase;
			buildActionMask = 2147483647;
			files = (
			);
			runOnlyForDeploymentPostprocessing = 0;
		};
/* End PBXFrameworksBuildPhase section */

/* Begin PBXGroup section */
		E0BE48AE1FDE608D0079D168 = {
			isa = PBXGroup;
			children = (
				E0BE48B91FDE608D0079D168 /* test */,
				E0BE48D21FDE608E0079D168 /* testTests */,
				E0BE48DD1FDE608E0079D168 /* testUITests */,
				E0BE48B81FDE608D0079D168 /* Products */,
			);
			sourceTree = "<group>";
		};
		E0BE48B81FDE608D0079D168 /* Products */ = {
			isa = PBXGroup;
			children = (
				E0BE48B71FDE608D0079D168 /* test.app */,
				E0BE48CF1FDE608E0079D168 /* testTests.xctest */,
				E0BE48DA1FDE608E0079D168 /* testUITests.xctest */,
			);
			name = Products;
			sourceTree = "<group>";
		};
		E0BE48B91FDE608D0079D168 /* test */ = {
			isa = PBXGroup;
			children = (
				E0BE48BA1FDE608D0079D168 /* AppDelegate.h */,
				E0BE48BB1FDE608D0079D168 /* AppDelegate.m */,
				E0BE48BD1FDE608D0079D168 /* ViewController.h */,
				E0BE48BE1FDE608E0079D168 /* ViewController.m */,
				E0BE48C01FDE608E0079D168 /* Main.storyboard */,
				E0BE48C31FDE608E0079D168 /* Assets.xcassets */,
				E0BE48C51FDE608E0079D168 /* LaunchScreen.storyboard */,
				E0BE48C81FDE608E0079D168 /* Info.plist */,
				E0BE48C91FDE608E0079D168 /* main.m */,
			);
			path = test;
			sourceTree = "<group>";
		};
		E0BE48D21FDE608E0079D168 /* testTests */ = {
			isa = PBXGroup;
			children = (
				E0BE48D31FDE608E0079D168 /* testTests.m */,
				E0BE48D51FDE608E0079D168 /* Info.plist */,
			);
			path = testTests;
			sourceTree = "<group>";
		};
		E0BE48DD1FDE608E0079D168 /* testUITests */ = {
			isa = PBXGroup;
			children = (
				E0BE48DE1FDE608E0079D168 /* testUITests.m */,
				E0BE48E01FDE608E0079D168 /* Info.plist */,
			);
			path = testUITests;
			sourceTree = "<group>";
		};
/* End PBXGroup section */

/* Begin PBXNativeTarget section */
		E0BE48B61FDE608D0079D168 /* test */ = {
			isa = PBXNativeTarget;
			buildConfigurationList = E0BE48E31FDE608E0079D168 /* Build configuration list for PBXNativeTarget "test" */;
			buildPhases = (
				E0BE48B31FDE608D0079D168 /* Sources */,
				E0BE48B41FDE608D0079D168 /* Frameworks */,
				E0BE48B51FDE608D0079D168 /* Resources */,
			);
			buildRules = (
			);
			dependencies = (
			);
			name = test;
			productName = test;
			productReference = E0BE48B71FDE608D0079D168 /* test.app */;
			productType = "com.apple.product-type.application";
		};
		E0BE48CE1FDE608E0079D168 /* testTests */ = {
			isa = PBXNativeTarget;
			buildConfigurationList = E0BE48E61FDE608E0079D168 /* Build configuration list for PBXNativeTarget "testTests" */;
			buildPhases = (
				E0BE48CB1FDE608E0079D168 /* Sources */,
				E0BE48CC1FDE608E0079D168 /* Frameworks */,
				E0BE48CD1FDE608E0079D168 /* Resources */,
			);
			buildRules = (
			);
			dependencies = (
				E0BE48D11FDE608E0079D168 /* PBXTargetDependency */,
			);
			name = testTests;
			productName = testTests;
			productReference = E0BE48CF1FDE608E0079D168 /* testTests.xctest */;
			productType = "com.apple.product-type.bundle.unit-test";
		};
		E0BE48D91FDE608E0079D168 /* testUITests */ = {
			isa = PBXNativeTarget;
			buildConfigurationList = E0BE48E91FDE608E0079D168 /* Build configuration list for PBXNativeTarget "testUITests" */;
			buildPhases = (
				E0BE48D61FDE608E0079D168 /* Sources */,
				E0BE48D71FDE608E0079D168 /* Frameworks */,
				E0BE48D81FDE608E0079D168 /* Resources */,
			);
			buildRules = (
			);
			dependencies = (
				E0BE48DC1FDE608E0079D168 /* PBXTargetDependency */,
			);
			name = testUITests;
			productName = testUITests;
			productReference = E0BE48DA1FDE608E0079D168 /* testUITests.xctest */;
			productType = "com.apple.product-type.bundle.ui-testing";
		};
/* End PBXNativeTarget section */

/* Begin PBXProject section */
		E0BE48AF1FDE608D0079D168 /* Project object */ = {
			isa = PBXProject;
			attributes = {
				LastUpgradeCheck = 0910;
				ORGANIZATIONNAME = "ly小凤";
				TargetAttributes = {
					E0BE48B61FDE608D0079D168 = {
						CreatedOnToolsVersion = 9.1;
						ProvisioningStyle = Automatic;
					};
					E0BE48CE1FDE608E0079D168 = {
						CreatedOnToolsVersion = 9.1;
						ProvisioningStyle = Automatic;
						TestTargetID = E0BE48B61FDE608D0079D168;
					};
					E0BE48D91FDE608E0079D168 = {
						CreatedOnToolsVersion = 9.1;
						ProvisioningStyle = Automatic;
						TestTargetID = E0BE48B61FDE608D0079D168;
					};
				};
			};
			buildConfigurationList = E0BE48B21FDE608D0079D168 /* Build configuration list for PBXProject "test" */;
			compatibilityVersion = "Xcode 8.0";
			developmentRegion = en;
			hasScannedForEncodings = 0;
			knownRegions = (
				en,
				Base,
			);
			mainGroup = E0BE48AE1FDE608D0079D168;
			productRefGroup = E0BE48B81FDE608D0079D168 /* Products */;
			projectDirPath = "";
			projectRoot = "";
			targets = (
				E0BE48B61FDE608D0079D168 /* test */,
				E0BE48CE1FDE608E0079D168 /* testTests */,
				E0BE48D91FDE608E0079D168 /* testUITests */,
			);
		};
/* End PBXProject section */

/* Begin PBXResourcesBuildPhase section */
		E0BE48B51FDE608D0079D168 /* Resources */ = {
			isa = PBXResourcesBuildPhase;
			buildActionMask = 2147483647;
			files = (
				E0BE48C71FDE608E0079D168 /* LaunchScreen.storyboard in Resources */,
				E0BE48C41FDE608E0079D168 /* Assets.xcassets in Resources */,
				E0BE48C21FDE608E0079D168 /* Main.storyboard in Resources */,
			);
			runOnlyForDeploymentPostprocessing = 0;
		};
		E0BE48CD1FDE608E0079D168 /* Resources */ = {
			isa = PBXResourcesBuildPhase;
			buildActionMask = 2147483647;
			files = (
			);
			runOnlyForDeploymentPostprocessing = 0;
		};
		E0BE48D81FDE608E0079D168 /* Resources */ = {
			isa = PBXResourcesBuildPhase;
			buildActionMask = 2147483647;
			files = (
			);
			runOnlyForDeploymentPostprocessing = 0;
		};
/* End PBXResourcesBuildPhase section */

/* Begin PBXSourcesBuildPhase section */
		E0BE48B31FDE608D0079D168 /* Sources */ = {
			isa = PBXSourcesBuildPhase;
			buildActionMask = 2147483647;
			files = (
				E0BE48BF1FDE608E0079D168 /* ViewController.m in Sources */,
				E0BE48CA1FDE608E0079D168 /* main.m in Sources */,
				E0BE48BC1FDE608D0079D168 /* AppDelegate.m in Sources */,
			);
			runOnlyForDeploymentPostprocessing = 0;
		};
		E0BE48CB1FDE608E0079D168 /* Sources */ = {
			isa = PBXSourcesBuildPhase;
			buildActionMask = 2147483647;
			files = (
				E0BE48D41FDE608E0079D168 /* testTests.m in Sources */,
			);
			runOnlyForDeploymentPostprocessing = 0;
		};
		E0BE48D61FDE608E0079D168 /* Sources */ = {
			isa = PBXSourcesBuildPhase;
			buildActionMask = 2147483647;
			files = (
				E0BE48DF1FDE608E0079D168 /* testUITests.m in Sources */,
			);
			runOnlyForDeploymentPostprocessing = 0;
		};
/* End PBXSourcesBuildPhase section */

/* Begin PBXTargetDependency section */
		E0BE48D11FDE608E0079D168 /* PBXTargetDependency */ = {
			isa = PBXTargetDependency;
			target = E0BE48B61FDE608D0079D168 /* test */;
			targetProxy = E0BE48D01FDE608E0079D168 /* PBXContainerItemProxy */;
		};
		E0BE48DC1FDE608E0079D168 /* PBXTargetDependency */ = {
			isa = PBXTargetDependency;
			target = E0BE48B61FDE608D0079D168 /* test */;
			targetProxy = E0BE48DB1FDE608E0079D168 /* PBXContainerItemProxy */;
		};
/* End PBXTargetDependency section */

/* Begin PBXVariantGroup section */
		E0BE48C01FDE608E0079D168 /* Main.storyboard */ = {
			isa = PBXVariantGroup;
			children = (
				E0BE48C11FDE608E0079D168 /* Base */,
			);
			name = Main.storyboard;
			sourceTree = "<group>";
		};
		E0BE48C51FDE608E0079D168 /* LaunchScreen.storyboard */ = {
			isa = PBXVariantGroup;
			children = (
				E0BE48C61FDE608E0079D168 /* Base */,
			);
			name = LaunchScreen.storyboard;
			sourceTree = "<group>";
		};
/* End PBXVariantGroup section */

/* Begin XCBuildConfiguration section */
		E0BE48E11FDE608E0079D168 /* Debug */ = {
			isa = XCBuildConfiguration;
			buildSettings = {
				ALWAYS_SEARCH_USER_PATHS = NO;
				CLANG_ANALYZER_NONNULL = YES;
				CLANG_ANALYZER_NUMBER_OBJECT_CONVERSION = YES_AGGRESSIVE;
				CLANG_CXX_LANGUAGE_STANDARD = "gnu++14";
				CLANG_CXX_LIBRARY = "libc++";
				CLANG_ENABLE_MODULES = YES;
				CLANG_ENABLE_OBJC_ARC = YES;
				CLANG_WARN_BLOCK_CAPTURE_AUTORELEASING = YES;
				CLANG_WARN_BOOL_CONVERSION = YES;
				CLANG_WARN_COMMA = YES;
				CLANG_WARN_CONSTANT_CONVERSION = YES;
				CLANG_WARN_DIRECT_OBJC_ISA_USAGE = YES_ERROR;
				CLANG_WARN_DOCUMENTATION_COMMENTS = YES;
				CLANG_WARN_EMPTY_BODY = YES;
				CLANG_WARN_ENUM_CONVERSION = YES;
				CLANG_WARN_INFINITE_RECURSION = YES;
				CLANG_WARN_INT_CONVERSION = YES;
				CLANG_WARN_NON_LITERAL_NULL_CONVERSION = YES;
				CLANG_WARN_OBJC_LITERAL_CONVERSION = YES;
				CLANG_WARN_OBJC_ROOT_CLASS = YES_ERROR;
				CLANG_WARN_RANGE_LOOP_ANALYSIS = YES;
				CLANG_WARN_STRICT_PROTOTYPES = YES;
				CLANG_WARN_SUSPICIOUS_MOVE = YES;
				CLANG_WARN_UNGUARDED_AVAILABILITY = YES_AGGRESSIVE;
				CLANG_WARN_UNREACHABLE_CODE = YES;
				CLANG_WARN__DUPLICATE_METHOD_MATCH = YES;
				CODE_SIGN_IDENTITY = "iPhone Developer";
				COPY_PHASE_STRIP = NO;
				DEBUG_INFORMATION_FORMAT = dwarf;
				ENABLE_STRICT_OBJC_MSGSEND = YES;
				ENABLE_TESTABILITY = YES;
				GCC_C_LANGUAGE_STANDARD = gnu11;
				GCC_DYNAMIC_NO_PIC = NO;
				GCC_NO_COMMON_BLOCKS = YES;
				GCC_OPTIMIZATION_LEVEL = 0;
				GCC_PREPROCESSOR_DEFINITIONS = (
					"DEBUG=1",
					"$(inherited)",
				);
				GCC_WARN_64_TO_32_BIT_CONVERSION = YES;
				GCC_WARN_ABOUT_RETURN_TYPE = YES_ERROR;
				GCC_WARN_UNDECLARED_SELECTOR = YES;
				GCC_WARN_UNINITIALIZED_AUTOS = YES_AGGRESSIVE;
				GCC_WARN_UNUSED_FUNCTION = YES;
				GCC_WARN_UNUSED_VARIABLE = YES;
				IPHONEOS_DEPLOYMENT_TARGET = 11.1;
				MTL_ENABLE_DEBUG_INFO = YES;
				ONLY_ACTIVE_ARCH = YES;
				SDKROOT = iphoneos;
			};
			name = Debug;
		};
		E0BE48E21FDE608E0079D168 /* Release */ = {
			isa = XCBuildConfiguration;
			buildSettings = {
				ALWAYS_SEARCH_USER_PATHS = NO;
				CLANG_ANALYZER_NONNULL = YES;
				CLANG_ANALYZER_NUMBER_OBJECT_CONVERSION = YES_AGGRESSIVE;
				CLANG_CXX_LANGUAGE_STANDARD = "gnu++14";
				CLANG_CXX_LIBRARY = "libc++";
				CLANG_ENABLE_MODULES = YES;
				CLANG_ENABLE_OBJC_ARC = YES;
				CLANG_WARN_BLOCK_CAPTURE_AUTORELEASING = YES;
				CLANG_WARN_BOOL_CONVERSION = YES;
				CLANG_WARN_COMMA = YES;
				CLANG_WARN_CONSTANT_CONVERSION = YES;
				CLANG_WARN_DIRECT_OBJC_ISA_USAGE = YES_ERROR;
				CLANG_WARN_DOCUMENTATION_COMMENTS = YES;
				CLANG_WARN_EMPTY_BODY = YES;
				CLANG_WARN_ENUM_CONVERSION = YES;
				CLANG_WARN_INFINITE_RECURSION = YES;
				CLANG_WARN_INT_CONVERSION = YES;
				CLANG_WARN_NON_LITERAL_NULL_CONVERSION = YES;
				CLANG_WARN_OBJC_LITERAL_CONVERSION = YES;
				CLANG_WARN_OBJC_ROOT_CLASS = YES_ERROR;
				CLANG_WARN_RANGE_LOOP_ANALYSIS = YES;
				CLANG_WARN_STRICT_PROTOTYPES = YES;
				CLANG_WARN_SUSPICIOUS_MOVE = YES;
				CLANG_WARN_UNGUARDED_AVAILABILITY = YES_AGGRESSIVE;
				CLANG_WARN_UNREACHABLE_CODE = YES;
				CLANG_WARN__DUPLICATE_METHOD_MATCH = YES;
				CODE_SIGN_IDENTITY = "iPhone Developer";
				COPY_PHASE_STRIP = NO;
				DEBUG_INFORMATION_FORMAT = "dwarf-with-dsym";
				ENABLE_NS_ASSERTIONS = NO;
				ENABLE_STRICT_OBJC_MSGSEND = YES;
				GCC_C_LANGUAGE_STANDARD = gnu11;
				GCC_NO_COMMON_BLOCKS = YES;
				GCC_WARN_64_TO_32_BIT_CONVERSION = YES;
				GCC_WARN_ABOUT_RETURN_TYPE = YES_ERROR;
				GCC_WARN_UNDECLARED_SELECTOR = YES;
				GCC_WARN_UNINITIALIZED_AUTOS = YES_AGGRESSIVE;
				GCC_WARN_UNUSED_FUNCTION = YES;
				GCC_WARN_UNUSED_VARIABLE = YES;
				IPHONEOS_DEPLOYMENT_TARGET = 11.1;
				MTL_ENABLE_DEBUG_INFO = NO;
				SDKROOT = iphoneos;
				VALIDATE_PRODUCT = YES;
			};
			name = Release;
		};
		E0BE48E41FDE608E0079D168 /* Debug */ = {
			isa = XCBuildConfiguration;
			buildSettings = {
				ASSETCATALOG_COMPILER_APPICON_NAME = AppIcon;
				CODE_SIGN_STYLE = Automatic;
				DEVELOPMENT_TEAM = 7UZSH9PD93;
				INFOPLIST_FILE = test/Info.plist;
				LD_RUNPATH_SEARCH_PATHS = "$(inherited) @executable_path/Frameworks";
				PRODUCT_BUNDLE_IDENTIFIER = com.liyang.test;
				PRODUCT_NAME = "$(TARGET_NAME)";
				TARGETED_DEVICE_FAMILY = "1,2";
			};
			name = Debug;
		};
		E0BE48E51FDE608E0079D168 /* Release */ = {
			isa = XCBuildConfiguration;
			buildSettings = {
				ASSETCATALOG_COMPILER_APPICON_NAME = AppIcon;
				CODE_SIGN_STYLE = Automatic;
				DEVELOPMENT_TEAM = 7UZSH9PD93;
				INFOPLIST_FILE = test/Info.plist;
				LD_RUNPATH_SEARCH_PATHS = "$(inherited) @executable_path/Frameworks";
				PRODUCT_BUNDLE_IDENTIFIER = com.liyang.test;
				PRODUCT_NAME = "$(TARGET_NAME)";
				TARGETED_DEVICE_FAMILY = "1,2";
			};
			name = Release;
		};
		E0BE48E71FDE608E0079D168 /* Debug */ = {
			isa = XCBuildConfiguration;
			buildSettings = {
				BUNDLE_LOADER = "$(TEST_HOST)";
				CODE_SIGN_STYLE = Automatic;
				DEVELOPMENT_TEAM = 7UZSH9PD93;
				INFOPLIST_FILE = testTests/Info.plist;
				LD_RUNPATH_SEARCH_PATHS = "$(inherited) @executable_path/Frameworks @loader_path/Frameworks";
				PRODUCT_BUNDLE_IDENTIFIER = com.liyang.testTests;
				PRODUCT_NAME = "$(TARGET_NAME)";
				TARGETED_DEVICE_FAMILY = "1,2";
				TEST_HOST = "$(BUILT_PRODUCTS_DIR)/test.app/test";
			};
			name = Debug;
		};
		E0BE48E81FDE608E0079D168 /* Release */ = {
			isa = XCBuildConfiguration;
			buildSettings = {
				BUNDLE_LOADER = "$(TEST_HOST)";
				CODE_SIGN_STYLE = Automatic;
				DEVELOPMENT_TEAM = 7UZSH9PD93;
				INFOPLIST_FILE = testTests/Info.plist;
				LD_RUNPATH_SEARCH_PATHS = "$(inherited) @executable_path/Frameworks @loader_path/Frameworks";
				PRODUCT_BUNDLE_IDENTIFIER = com.liyang.testTests;
				PRODUCT_NAME = "$(TARGET_NAME)";
				TARGETED_DEVICE_FAMILY = "1,2";
				TEST_HOST = "$(BUILT_PRODUCTS_DIR)/test.app/test";
			};
			name = Release;
		};
		E0BE48EA1FDE608E0079D168 /* Debug */ = {
			isa = XCBuildConfiguration;
			buildSettings = {
				CODE_SIGN_STYLE = Automatic;
				DEVELOPMENT_TEAM = 7UZSH9PD93;
				INFOPLIST_FILE = testUITests/Info.plist;
				LD_RUNPATH_SEARCH_PATHS = "$(inherited) @executable_path/Frameworks @loader_path/Frameworks";
				PRODUCT_BUNDLE_IDENTIFIER = com.liyang.testUITests;
				PRODUCT_NAME = "$(TARGET_NAME)";
				TARGETED_DEVICE_FAMILY = "1,2";
				TEST_TARGET_NAME = test;
			};
			name = Debug;
		};
		E0BE48EB1FDE608E0079D168 /* Release */ = {
			isa = XCBuildConfiguration;
			buildSettings = {
				CODE_SIGN_STYLE = Automatic;
				DEVELOPMENT_TEAM = 7UZSH9PD93;
				INFOPLIST_FILE = testUITests/Info.plist;
				LD_RUNPATH_SEARCH_PATHS = "$(inherited) @executable_path/Frameworks @loader_path/Frameworks";
				PRODUCT_BUNDLE_IDENTIFIER = com.liyang.testUITests;
				PRODUCT_NAME = "$(TARGET_NAME)";
				TARGETED_DEVICE_FAMILY = "1,2";
				TEST_TARGET_NAME = test;
			};
			name = Release;
		};
/* End XCBuildConfiguration section */

/* Begin XCConfigurationList section */
		E0BE48B21FDE608D0079D168 /* Build configuration list for PBXProject "test" */ = {
			isa = XCConfigurationList;
			buildConfigurations = (
				E0BE48E11FDE608E0079D168 /* Debug */,
				E0BE48E21FDE608E0079D168 /* Release */,
			);
			defaultConfigurationIsVisible = 0;
			defaultConfigurationName = Release;
		};
		E0BE48E31FDE608E0079D168 /* Build configuration list for PBXNativeTarget "test" */ = {
			isa = XCConfigurationList;
			buildConfigurations = (
				E0BE48E41FDE608E0079D168 /* Debug */,
				E0BE48E51FDE608E0079D168 /* Release */,
			);
			defaultConfigurationIsVisible = 0;
			defaultConfigurationName = Release;
		};
		E0BE48E61FDE608E0079D168 /* Build configuration list for PBXNativeTarget "testTests" */ = {
			isa = XCConfigurationList;
			buildConfigurations = (
				E0BE48E71FDE608E0079D168 /* Debug */,
				E0BE48E81FDE608E0079D168 /* Release */,
			);
			defaultConfigurationIsVisible = 0;
			defaultConfigurationName = Release;
		};
		E0BE48E91FDE608E0079D168 /* Build configuration list for PBXNativeTarget "testUITests" */ = {
			isa = XCConfigurationList;
			buildConfigurations = (
				E0BE48EA1FDE608E0079D168 /* Debug */,
				E0BE48EB1FDE608E0079D168 /* Release */,
			);
			defaultConfigurationIsVisible = 0;
			defaultConfigurationName = Release;
		};
/* End XCConfigurationList section */
	};
	rootObject = E0BE48AF1FDE608D0079D168 /* Project object */;
}
